
Microsoft Visual Studio Solution File, Format Version 12.00
# Visual Studio Version 17
VisualStudioVersion = 17.12.35514.174
MinimumVisualStudioVersion = 10.0.40219.1
Project("{FAE04EC0-301F-11D3-BF4B-00C04F79EFBC}") = "HelloWorld.API", "HelloWorld.API.csproj", "{7FCCFA8E-95B2-48B0-8B19-510DEBCC894C}"
EndProject
Project("{F2A71F9B-5D33-465A-A702-920D77279786}") = "HelloWorld.Gateway", "..\HelloWorld.Gateway\HelloWorld.Gateway.fsproj", "{90407CAE-D38D-474A-BADF-0CEB5B6BCBA4}"
EndProject
Project("{2150E333-8FDC-42A3-9474-1A3956D46DE8}") = "Itens de Solução", "Itens de Solução", "{AED87B9B-B5B2-4877-BEED-C8A7242E71FF}"
EndProject
Global
	GlobalSection(SolutionConfigurationPlatforms) = preSolution
		Debug|Any CPU = Debug|Any CPU
		Release|Any CPU = Release|Any CPU
	EndGlobalSection
	GlobalSection(ProjectConfigurationPlatforms) = postSolution
		{7FCCFA8E-95B2-48B0-8B19-510DEBCC894C}.Debug|Any CPU.ActiveCfg = Debug|Any CPU
		{7FCCFA8E-95B2-48B0-8B19-510DEBCC894C}.Debug|Any CPU.Build.0 = Debug|Any CPU
		{7FCCFA8E-95B2-48B0-8B19-510DEBCC894C}.Release|Any CPU.ActiveCfg = Release|Any CPU
		{7FCCFA8E-95B2-48B0-8B19-510DEBCC894C}.Release|Any CPU.Build.0 = Release|Any CPU
		{90407CAE-D38D-474A-BADF-0CEB5B6BCBA4}.Debug|Any CPU.ActiveCfg = Debug|Any CPU
		{90407CAE-D38D-474A-BADF-0CEB5B6BCBA4}.Debug|Any CPU.Build.0 = Debug|Any CPU
		{90407CAE-D38D-474A-BADF-0CEB5B6BCBA4}.Release|Any CPU.ActiveCfg = Release|Any CPU
		{90407CAE-D38D-474A-BADF-0CEB5B6BCBA4}.Release|Any CPU.Build.0 = Release|Any CPU
	EndGlobalSection
	GlobalSection(SolutionProperties) = preSolution
		HideSolutionNode = FALSE
	EndGlobalSection
EndGlobal
